
Microsoft Visual Studio Solution File, Format Version 12.00
# Visual Studio 14
VisualStudioVersion = 14.0.24720.0
MinimumVisualStudioVersion = 10.0.40219.1
Project("{8BC9CEB8-8B4A-11D0-8D11-00A0C91BC942}") = "Win32DllVampPluggin", "Win32DllVampPluggin\Win32DllVampPluggin.vcxproj", "{E2BF554E-45EB-46CD-B605-B59F78B1AB79}"
EndProject
Global
	GlobalSection(SolutionConfigurationPlatforms) = preSolution
		Debug|x64 = Debug|x64
		Debug|x86 = Debug|x86
		Release|x64 = Release|x64
		Release|x86 = Release|x86
	EndGlobalSection
	GlobalSection(ProjectConfigurationPlatforms) = postSolution
		{E2BF554E-45EB-46CD-B605-B59F78B1AB79}.Debug|x64.ActiveCfg = Debug|x64
		{E2BF554E-45EB-46CD-B605-B59F78B1AB79}.Debug|x64.Build.0 = Debug|x64
		{E2BF554E-45EB-46CD-B605-B59F78B1AB79}.Debug|x86.ActiveCfg = Debug|Win32
		{E2BF554E-45EB-46CD-B605-B59F78B1AB79}.Debug|x86.Build.0 = Debug|Win32
		{E2BF554E-45EB-46CD-B605-B59F78B1AB79}.Release|x64.ActiveCfg = Release|x64
		{E2BF554E-45EB-46CD-B605-B59F78B1AB79}.Release|x64.Build.0 = Release|x64
		{E2BF554E-45EB-46CD-B605-B59F78B1AB79}.Release|x86.ActiveCfg = Release|Win32
		{E2BF554E-45EB-46CD-B605-B59F78B1AB79}.Release|x86.Build.0 = Release|Win32
	EndGlobalSection
	GlobalSection(SolutionProperties) = preSolution
		HideSolutionNode = FALSE
	EndGlobalSection
EndGlobal
